
Microsoft Visual Studio Solution File, Format Version 12.00
# Visual Studio 14
VisualStudioVersion = 14.0.25420.1
MinimumVisualStudioVersion = 10.0.40219.1
Project("{2150E333-8FDC-42A3-9474-1A3956D46DE8}") = "1", "1", "{FC26D132-E711-4BBC-9D81-BC6DA655EB7F}"
EndProject
Project("{2150E333-8FDC-42A3-9474-1A3956D46DE8}") = "2", "2", "{4552E380-78E9-4418-B41D-A3915A9A9748}"
EndProject
Project("{2150E333-8FDC-42A3-9474-1A3956D46DE8}") = "3", "3", "{60F99321-61A9-4C5F-ACAC-5F9DEE562144}"
EndProject
Project("{2150E333-8FDC-42A3-9474-1A3956D46DE8}") = "4_ClientServer", "4_ClientServer", "{D208D1AD-2F53-48DB-86F3-02F41955EB7B}"
EndProject
Project("{FAE04EC0-301F-11D3-BF4B-00C04F79EFBC}") = "Client", "4_ClientServer\Client\Client.csproj", "{0D09AB36-A4DC-439B-8078-FFC8155E128A}"
EndProject
Project("{FAE04EC0-301F-11D3-BF4B-00C04F79EFBC}") = "Server", "4_ClientServer\Server\Server.csproj", "{3CCD7F9F-9725-467E-84D1-0D2A8D4FF9A3}"
EndProject
Project("{FAE04EC0-301F-11D3-BF4B-00C04F79EFBC}") = "Entities", "4_ClientServer\Entities\Entities.csproj", "{7C5960E1-1F77-448C-B909-0DC100E8F4A9}"
EndProject
Project("{FAE04EC0-301F-11D3-BF4B-00C04F79EFBC}") = "Logger", "4_ClientServer\Logger\Logger.csproj", "{15E0A370-755F-49F0-A35C-58A599E4485E}"
EndProject
Project("{2150E333-8FDC-42A3-9474-1A3956D46DE8}") = "5_ER_Diagram", "5_ER_Diagram", "{C7FE4ACD-16E0-4B78-9404-5574046846CD}"
EndProject
Project("{FAE04EC0-301F-11D3-BF4B-00C04F79EFBC}") = "DataAccess", "5_ER_Diagram\DataAccess\DataAccess.csproj", "{84803004-D40D-4A99-A23E-B94BAF2B95A6}"
EndProject
Project("{FAE04EC0-301F-11D3-BF4B-00C04F79EFBC}") = "UserLogin", "5_ER_Diagram\UserLogin\UserLogin.csproj", "{24AC423A-DB63-4F89-AA42-7F3B1062F0B7}"
EndProject
Project("{FAE04EC0-301F-11D3-BF4B-00C04F79EFBC}") = "Entities", "5_ER_Diagram\Entities\Entities.csproj", "{DF13D657-2379-4023-96E9-08FD565DA210}"
EndProject
Project("{FAE04EC0-301F-11D3-BF4B-00C04F79EFBC}") = "DataAccessTests", "5_ER_Diagram\DataAccessTests\DataAccessTests.csproj", "{9D982D61-0BBC-4E4E-9682-9F43B14FC8C7}"
EndProject
Project("{2150E333-8FDC-42A3-9474-1A3956D46DE8}") = "9", "9", "{B3219059-208A-4178-9A4F-DF9C6959AA7D}"
EndProject
Project("{2150E333-8FDC-42A3-9474-1A3956D46DE8}") = "8", "8", "{5F61CEB8-335D-4A17-937B-663B481FADC2}"
EndProject
Project("{FAE04EC0-301F-11D3-BF4B-00C04F79EFBC}") = "Opgave1", "1\Opgave1\Opgave1.csproj", "{72DBA97D-61AB-47F4-91A0-4CA3E7ABB20D}"
EndProject
Project("{FAE04EC0-301F-11D3-BF4B-00C04F79EFBC}") = "Opgave2", "1\Opgave2\Opgave2.csproj", "{FBFA1632-04EB-451E-A7D8-2CB17D641205}"
EndProject
Project("{FAE04EC0-301F-11D3-BF4B-00C04F79EFBC}") = "Opgave3", "1\Opgave3\Opgave3.csproj", "{BC604FFF-F486-4046-A763-98002884751A}"
EndProject
Project("{FAE04EC0-301F-11D3-BF4B-00C04F79EFBC}") = "S3Tests", "1\S3_1_Tests\S3Tests.csproj", "{2BA8FC35-8F7D-4171-8021-7B9EE9FD8806}"
EndProject
Project("{FAE04EC0-301F-11D3-BF4B-00C04F79EFBC}") = "Shopping", "2\Shopping\Shopping.csproj", "{CB1E11E2-0BCA-4C2F-A1D6-44F58BBBF105}"
EndProject
Project("{FAE04EC0-301F-11D3-BF4B-00C04F79EFBC}") = "ShoppingTests", "2\ShoppingTests\ShoppingTests.csproj", "{4D152290-F04B-47A5-B610-DDE49C675420}"
EndProject
Project("{FAE04EC0-301F-11D3-BF4B-00C04F79EFBC}") = "Weather.Entities", "3\Weather.Entities\Weather.Entities.csproj", "{22EA982E-0682-46F3-870F-667968954A7A}"
EndProject
Project("{FAE04EC0-301F-11D3-BF4B-00C04F79EFBC}") = "Weather.Services", "3\Weather.Services\Weather.Services.csproj", "{AEDC6FA0-D901-4D5D-8DEB-568572A425E3}"
EndProject
Project("{FAE04EC0-301F-11D3-BF4B-00C04F79EFBC}") = "Weather.UI", "3\Weather.UI\Weather.UI.csproj", "{E2467D82-D7B6-47AA-9D10-385B8BA84977}"
EndProject
Project("{FAE04EC0-301F-11D3-BF4B-00C04F79EFBC}") = "Bibliotek", "8\Bibliotek\Bibliotek.csproj", "{392E579D-9AC0-49C0-9641-0017351C4011}"
EndProject
Project("{FAE04EC0-301F-11D3-BF4B-00C04F79EFBC}") = "BibliotekTests", "8\BibliotekTests\BibliotekTests.csproj", "{C4D97565-93CF-4208-9B3F-9CF447361C0E}"
EndProject
Project("{FAE04EC0-301F-11D3-BF4B-00C04F79EFBC}") = "Spil", "9\Spil\Spil.csproj", "{6010BCB2-6DF3-4719-8D3E-29279C5F6D31}"
EndProject
Project("{FAE04EC0-301F-11D3-BF4B-00C04F79EFBC}") = "SpilTests", "9\SpilTests\SpilTests.csproj", "{021C0678-36D0-45EA-A99B-910893412E73}"
EndProject
Global
	GlobalSection(SolutionConfigurationPlatforms) = preSolution
		Debug|Any CPU = Debug|Any CPU
		Release|Any CPU = Release|Any CPU
	EndGlobalSection
	GlobalSection(ProjectConfigurationPlatforms) = postSolution
		{0D09AB36-A4DC-439B-8078-FFC8155E128A}.Debug|Any CPU.ActiveCfg = Debug|Any CPU
		{0D09AB36-A4DC-439B-8078-FFC8155E128A}.Debug|Any CPU.Build.0 = Debug|Any CPU
		{0D09AB36-A4DC-439B-8078-FFC8155E128A}.Release|Any CPU.ActiveCfg = Release|Any CPU
		{0D09AB36-A4DC-439B-8078-FFC8155E128A}.Release|Any CPU.Build.0 = Release|Any CPU
		{3CCD7F9F-9725-467E-84D1-0D2A8D4FF9A3}.Debug|Any CPU.ActiveCfg = Debug|Any CPU
		{3CCD7F9F-9725-467E-84D1-0D2A8D4FF9A3}.Debug|Any CPU.Build.0 = Debug|Any CPU
		{3CCD7F9F-9725-467E-84D1-0D2A8D4FF9A3}.Release|Any CPU.ActiveCfg = Release|Any CPU
		{3CCD7F9F-9725-467E-84D1-0D2A8D4FF9A3}.Release|Any CPU.Build.0 = Release|Any CPU
		{7C5960E1-1F77-448C-B909-0DC100E8F4A9}.Debug|Any CPU.ActiveCfg = Debug|Any CPU
		{7C5960E1-1F77-448C-B909-0DC100E8F4A9}.Debug|Any CPU.Build.0 = Debug|Any CPU
		{7C5960E1-1F77-448C-B909-0DC100E8F4A9}.Release|Any CPU.ActiveCfg = Release|Any CPU
		{7C5960E1-1F77-448C-B909-0DC100E8F4A9}.Release|Any CPU.Build.0 = Release|Any CPU
		{15E0A370-755F-49F0-A35C-58A599E4485E}.Debug|Any CPU.ActiveCfg = Debug|Any CPU
		{15E0A370-755F-49F0-A35C-58A599E4485E}.Debug|Any CPU.Build.0 = Debug|Any CPU
		{15E0A370-755F-49F0-A35C-58A599E4485E}.Release|Any CPU.ActiveCfg = Release|Any CPU
		{15E0A370-755F-49F0-A35C-58A599E4485E}.Release|Any CPU.Build.0 = Release|Any CPU
		{84803004-D40D-4A99-A23E-B94BAF2B95A6}.Debug|Any CPU.ActiveCfg = Debug|Any CPU
		{84803004-D40D-4A99-A23E-B94BAF2B95A6}.Debug|Any CPU.Build.0 = Debug|Any CPU
		{84803004-D40D-4A99-A23E-B94BAF2B95A6}.Release|Any CPU.ActiveCfg = Release|Any CPU
		{84803004-D40D-4A99-A23E-B94BAF2B95A6}.Release|Any CPU.Build.0 = Release|Any CPU
		{24AC423A-DB63-4F89-AA42-7F3B1062F0B7}.Debug|Any CPU.ActiveCfg = Debug|Any CPU
		{24AC423A-DB63-4F89-AA42-7F3B1062F0B7}.Debug|Any CPU.Build.0 = Debug|Any CPU
		{24AC423A-DB63-4F89-AA42-7F3B1062F0B7}.Release|Any CPU.ActiveCfg = Release|Any CPU
		{24AC423A-DB63-4F89-AA42-7F3B1062F0B7}.Release|Any CPU.Build.0 = Release|Any CPU
		{DF13D657-2379-4023-96E9-08FD565DA210}.Debug|Any CPU.ActiveCfg = Debug|Any CPU
		{DF13D657-2379-4023-96E9-08FD565DA210}.Debug|Any CPU.Build.0 = Debug|Any CPU
		{DF13D657-2379-4023-96E9-08FD565DA210}.Release|Any CPU.ActiveCfg = Release|Any CPU
		{DF13D657-2379-4023-96E9-08FD565DA210}.Release|Any CPU.Build.0 = Release|Any CPU
		{9D982D61-0BBC-4E4E-9682-9F43B14FC8C7}.Debug|Any CPU.ActiveCfg = Debug|Any CPU
		{9D982D61-0BBC-4E4E-9682-9F43B14FC8C7}.Debug|Any CPU.Build.0 = Debug|Any CPU
		{9D982D61-0BBC-4E4E-9682-9F43B14FC8C7}.Release|Any CPU.ActiveCfg = Release|Any CPU
		{9D982D61-0BBC-4E4E-9682-9F43B14FC8C7}.Release|Any CPU.Build.0 = Release|Any CPU
		{72DBA97D-61AB-47F4-91A0-4CA3E7ABB20D}.Debug|Any CPU.ActiveCfg = Debug|Any CPU
		{72DBA97D-61AB-47F4-91A0-4CA3E7ABB20D}.Debug|Any CPU.Build.0 = Debug|Any CPU
		{72DBA97D-61AB-47F4-91A0-4CA3E7ABB20D}.Release|Any CPU.ActiveCfg = Release|Any CPU
		{72DBA97D-61AB-47F4-91A0-4CA3E7ABB20D}.Release|Any CPU.Build.0 = Release|Any CPU
		{FBFA1632-04EB-451E-A7D8-2CB17D641205}.Debug|Any CPU.ActiveCfg = Debug|Any CPU
		{FBFA1632-04EB-451E-A7D8-2CB17D641205}.Debug|Any CPU.Build.0 = Debug|Any CPU
		{FBFA1632-04EB-451E-A7D8-2CB17D641205}.Release|Any CPU.ActiveCfg = Release|Any CPU
		{FBFA1632-04EB-451E-A7D8-2CB17D641205}.Release|Any CPU.Build.0 = Release|Any CPU
		{BC604FFF-F486-4046-A763-98002884751A}.Debug|Any CPU.ActiveCfg = Debug|Any CPU
		{BC604FFF-F486-4046-A763-98002884751A}.Debug|Any CPU.Build.0 = Debug|Any CPU
		{BC604FFF-F486-4046-A763-98002884751A}.Release|Any CPU.ActiveCfg = Release|Any CPU
		{BC604FFF-F486-4046-A763-98002884751A}.Release|Any CPU.Build.0 = Release|Any CPU
		{2BA8FC35-8F7D-4171-8021-7B9EE9FD8806}.Debug|Any CPU.ActiveCfg = Debug|Any CPU
		{2BA8FC35-8F7D-4171-8021-7B9EE9FD8806}.Debug|Any CPU.Build.0 = Debug|Any CPU
		{2BA8FC35-8F7D-4171-8021-7B9EE9FD8806}.Release|Any CPU.ActiveCfg = Release|Any CPU
		{2BA8FC35-8F7D-4171-8021-7B9EE9FD8806}.Release|Any CPU.Build.0 = Release|Any CPU
		{CB1E11E2-0BCA-4C2F-A1D6-44F58BBBF105}.Debug|Any CPU.ActiveCfg = Debug|Any CPU
		{CB1E11E2-0BCA-4C2F-A1D6-44F58BBBF105}.Debug|Any CPU.Build.0 = Debug|Any CPU
		{CB1E11E2-0BCA-4C2F-A1D6-44F58BBBF105}.Release|Any CPU.ActiveCfg = Release|Any CPU
		{CB1E11E2-0BCA-4C2F-A1D6-44F58BBBF105}.Release|Any CPU.Build.0 = Release|Any CPU
		{4D152290-F04B-47A5-B610-DDE49C675420}.Debug|Any CPU.ActiveCfg = Debug|Any CPU
		{4D152290-F04B-47A5-B610-DDE49C675420}.Debug|Any CPU.Build.0 = Debug|Any CPU
		{4D152290-F04B-47A5-B610-DDE49C675420}.Release|Any CPU.ActiveCfg = Release|Any CPU
		{4D152290-F04B-47A5-B610-DDE49C675420}.Release|Any CPU.Build.0 = Release|Any CPU
		{22EA982E-0682-46F3-870F-667968954A7A}.Debug|Any CPU.ActiveCfg = Debug|Any CPU
		{22EA982E-0682-46F3-870F-667968954A7A}.Debug|Any CPU.Build.0 = Debug|Any CPU
		{22EA982E-0682-46F3-870F-667968954A7A}.Release|Any CPU.ActiveCfg = Release|Any CPU
		{22EA982E-0682-46F3-870F-667968954A7A}.Release|Any CPU.Build.0 = Release|Any CPU
		{AEDC6FA0-D901-4D5D-8DEB-568572A425E3}.Debug|Any CPU.ActiveCfg = Debug|Any CPU
		{AEDC6FA0-D901-4D5D-8DEB-568572A425E3}.Debug|Any CPU.Build.0 = Debug|Any CPU
		{AEDC6FA0-D901-4D5D-8DEB-568572A425E3}.Release|Any CPU.ActiveCfg = Release|Any CPU
		{AEDC6FA0-D901-4D5D-8DEB-568572A425E3}.Release|Any CPU.Build.0 = Release|Any CPU
		{E2467D82-D7B6-47AA-9D10-385B8BA84977}.Debug|Any CPU.ActiveCfg = Debug|Any CPU
		{E2467D82-D7B6-47AA-9D10-385B8BA84977}.Debug|Any CPU.Build.0 = Debug|Any CPU
		{E2467D82-D7B6-47AA-9D10-385B8BA84977}.Release|Any CPU.ActiveCfg = Release|Any CPU
		{E2467D82-D7B6-47AA-9D10-385B8BA84977}.Release|Any CPU.Build.0 = Release|Any CPU
		{392E579D-9AC0-49C0-9641-0017351C4011}.Debug|Any CPU.ActiveCfg = Debug|Any CPU
		{392E579D-9AC0-49C0-9641-0017351C4011}.Debug|Any CPU.Build.0 = Debug|Any CPU
		{392E579D-9AC0-49C0-9641-0017351C4011}.Release|Any CPU.ActiveCfg = Release|Any CPU
		{392E579D-9AC0-49C0-9641-0017351C4011}.Release|Any CPU.Build.0 = Release|Any CPU
		{C4D97565-93CF-4208-9B3F-9CF447361C0E}.Debug|Any CPU.ActiveCfg = Debug|Any CPU
		{C4D97565-93CF-4208-9B3F-9CF447361C0E}.Debug|Any CPU.Build.0 = Debug|Any CPU
		{C4D97565-93CF-4208-9B3F-9CF447361C0E}.Release|Any CPU.ActiveCfg = Release|Any CPU
		{C4D97565-93CF-4208-9B3F-9CF447361C0E}.Release|Any CPU.Build.0 = Release|Any CPU
		{6010BCB2-6DF3-4719-8D3E-29279C5F6D31}.Debug|Any CPU.ActiveCfg = Debug|Any CPU
		{6010BCB2-6DF3-4719-8D3E-29279C5F6D31}.Debug|Any CPU.Build.0 = Debug|Any CPU
		{6010BCB2-6DF3-4719-8D3E-29279C5F6D31}.Release|Any CPU.ActiveCfg = Release|Any CPU
		{6010BCB2-6DF3-4719-8D3E-29279C5F6D31}.Release|Any CPU.Build.0 = Release|Any CPU
		{021C0678-36D0-45EA-A99B-910893412E73}.Debug|Any CPU.ActiveCfg = Debug|Any CPU
		{021C0678-36D0-45EA-A99B-910893412E73}.Debug|Any CPU.Build.0 = Debug|Any CPU
		{021C0678-36D0-45EA-A99B-910893412E73}.Release|Any CPU.ActiveCfg = Release|Any CPU
		{021C0678-36D0-45EA-A99B-910893412E73}.Release|Any CPU.Build.0 = Release|Any CPU
	EndGlobalSection
	GlobalSection(SolutionProperties) = preSolution
		HideSolutionNode = FALSE
	EndGlobalSection
	GlobalSection(NestedProjects) = preSolution
		{0D09AB36-A4DC-439B-8078-FFC8155E128A} = {D208D1AD-2F53-48DB-86F3-02F41955EB7B}
		{3CCD7F9F-9725-467E-84D1-0D2A8D4FF9A3} = {D208D1AD-2F53-48DB-86F3-02F41955EB7B}
		{7C5960E1-1F77-448C-B909-0DC100E8F4A9} = {D208D1AD-2F53-48DB-86F3-02F41955EB7B}
		{15E0A370-755F-49F0-A35C-58A599E4485E} = {D208D1AD-2F53-48DB-86F3-02F41955EB7B}
		{84803004-D40D-4A99-A23E-B94BAF2B95A6} = {C7FE4ACD-16E0-4B78-9404-5574046846CD}
		{24AC423A-DB63-4F89-AA42-7F3B1062F0B7} = {C7FE4ACD-16E0-4B78-9404-5574046846CD}
		{DF13D657-2379-4023-96E9-08FD565DA210} = {C7FE4ACD-16E0-4B78-9404-5574046846CD}
		{9D982D61-0BBC-4E4E-9682-9F43B14FC8C7} = {C7FE4ACD-16E0-4B78-9404-5574046846CD}
		{72DBA97D-61AB-47F4-91A0-4CA3E7ABB20D} = {FC26D132-E711-4BBC-9D81-BC6DA655EB7F}
		{FBFA1632-04EB-451E-A7D8-2CB17D641205} = {FC26D132-E711-4BBC-9D81-BC6DA655EB7F}
		{BC604FFF-F486-4046-A763-98002884751A} = {FC26D132-E711-4BBC-9D81-BC6DA655EB7F}
		{2BA8FC35-8F7D-4171-8021-7B9EE9FD8806} = {FC26D132-E711-4BBC-9D81-BC6DA655EB7F}
		{CB1E11E2-0BCA-4C2F-A1D6-44F58BBBF105} = {4552E380-78E9-4418-B41D-A3915A9A9748}
		{4D152290-F04B-47A5-B610-DDE49C675420} = {4552E380-78E9-4418-B41D-A3915A9A9748}
		{22EA982E-0682-46F3-870F-667968954A7A} = {60F99321-61A9-4C5F-ACAC-5F9DEE562144}
		{AEDC6FA0-D901-4D5D-8DEB-568572A425E3} = {60F99321-61A9-4C5F-ACAC-5F9DEE562144}
		{E2467D82-D7B6-47AA-9D10-385B8BA84977} = {60F99321-61A9-4C5F-ACAC-5F9DEE562144}
		{392E579D-9AC0-49C0-9641-0017351C4011} = {5F61CEB8-335D-4A17-937B-663B481FADC2}
		{C4D97565-93CF-4208-9B3F-9CF447361C0E} = {5F61CEB8-335D-4A17-937B-663B481FADC2}
		{6010BCB2-6DF3-4719-8D3E-29279C5F6D31} = {B3219059-208A-4178-9A4F-DF9C6959AA7D}
		{021C0678-36D0-45EA-A99B-910893412E73} = {B3219059-208A-4178-9A4F-DF9C6959AA7D}
	EndGlobalSection
EndGlobal
